
Microsoft Visual Studio Solution File, Format Version 12.00
# Visual Studio Version 16
VisualStudioVersion = 16.0.31313.79
MinimumVisualStudioVersion = 10.0.40219.1
Project("{FAE04EC0-301F-11D3-BF4B-00C04F79EFBC}") = "MMTShopApi", "MMTShopApi\MMTShopApi.csproj", "{98E36B02-1B79-4D1D-99B5-625960866DB6}"
EndProject
Global
	GlobalSection(SolutionConfigurationPlatforms) = preSolution
		Debug|Any CPU = Debug|Any CPU
		Release|Any CPU = Release|Any CPU
	EndGlobalSection
	GlobalSection(ProjectConfigurationPlatforms) = postSolution
		{98E36B02-1B79-4D1D-99B5-625960866DB6}.Debug|Any CPU.ActiveCfg = Debug|Any CPU
		{98E36B02-1B79-4D1D-99B5-625960866DB6}.Debug|Any CPU.Build.0 = Debug|Any CPU
		{98E36B02-1B79-4D1D-99B5-625960866DB6}.Release|Any CPU.ActiveCfg = Release|Any CPU
		{98E36B02-1B79-4D1D-99B5-625960866DB6}.Release|Any CPU.Build.0 = Release|Any CPU
	EndGlobalSection
	GlobalSection(SolutionProperties) = preSolution
		HideSolutionNode = FALSE
	EndGlobalSection
	GlobalSection(ExtensibilityGlobals) = postSolution
		SolutionGuid = {C4213FD6-D52E-46D6-A09C-9503A9341CAF}
	EndGlobalSection
EndGlobal
